
Microsoft Visual Studio Solution File, Format Version 12.00
# Visual Studio 15
VisualStudioVersion = 15.0.28307.705
MinimumVisualStudioVersion = 10.0.40219.1
Project("{FAE04EC0-301F-11D3-BF4B-00C04F79EFBC}") = "SQL_CRUD", "SQL_CRUD\SQL_CRUD.csproj", "{84BDAD18-1E15-41E4-BBA2-592681A835A7}"
EndProject
Global
	GlobalSection(SolutionConfigurationPlatforms) = preSolution
		Debug|Any CPU = Debug|Any CPU
		Release|Any CPU = Release|Any CPU
	EndGlobalSection
	GlobalSection(ProjectConfigurationPlatforms) = postSolution
		{84BDAD18-1E15-41E4-BBA2-592681A835A7}.Debug|Any CPU.ActiveCfg = Debug|Any CPU
		{84BDAD18-1E15-41E4-BBA2-592681A835A7}.Debug|Any CPU.Build.0 = Debug|Any CPU
		{84BDAD18-1E15-41E4-BBA2-592681A835A7}.Release|Any CPU.ActiveCfg = Release|Any CPU
		{84BDAD18-1E15-41E4-BBA2-592681A835A7}.Release|Any CPU.Build.0 = Release|Any CPU
	EndGlobalSection
	GlobalSection(SolutionProperties) = preSolution
		HideSolutionNode = FALSE
	EndGlobalSection
	GlobalSection(ExtensibilityGlobals) = postSolution
		SolutionGuid = {3FCAC3F0-D941-46ED-8621-A4CC2A3B154E}
	EndGlobalSection
EndGlobal
